// !$*UTF8*$!
{
	archiveVersion = 1;
	classes = {
	};
	objectVersion = 50;
	objects = {

/* Begin PBXBuildFile section */
		906A657725E2E4FC0032E9E8 /* AppDelegate.swift in Sources */ = {isa = PBXBuildFile; fileRef = 906A657625E2E4FC0032E9E8 /* AppDelegate.swift */; };
		906A657925E2E4FC0032E9E8 /* SceneDelegate.swift in Sources */ = {isa = PBXBuildFile; fileRef = 906A657825E2E4FC0032E9E8 /* SceneDelegate.swift */; };
		906A657B25E2E4FC0032E9E8 /* ViewController.swift in Sources */ = {isa = PBXBuildFile; fileRef = 906A657A25E2E4FC0032E9E8 /* ViewController.swift */; };
		906A657E25E2E4FC0032E9E8 /* Main.storyboard in Resources */ = {isa = PBXBuildFile; fileRef = 906A657C25E2E4FC0032E9E8 /* Main.storyboard */; };
		906A658025E2E5010032E9E8 /* Assets.xcassets in Resources */ = {isa = PBXBuildFile; fileRef = 906A657F25E2E5010032E9E8 /* Assets.xcassets */; };
		906A658325E2E5010032E9E8 /* LaunchScreen.storyboard in Resources */ = {isa = PBXBuildFile; fileRef = 906A658125E2E5010032E9E8 /* LaunchScreen.storyboard */; };
/* End PBXBuildFile section */

/* Begin PBXFileReference section */
		906A657325E2E4FC0032E9E8 /* UIViewAnimations.app */ = {isa = PBXFileReference; explicitFileType = wrapper.application; includeInIndex = 0; path = UIViewAnimations.app; sourceTree = BUILT_PRODUCTS_DIR; };
		906A657625E2E4FC0032E9E8 /* AppDelegate.swift */ = {isa = PBXFileReference; lastKnownFileType = sourcecode.swift; path = AppDelegate.swift; sourceTree = "<group>"; };
		906A657825E2E4FC0032E9E8 /* SceneDelegate.swift */ = {isa = PBXFileReference; lastKnownFileType = sourcecode.swift; path = SceneDelegate.swift; sourceTree = "<group>"; };
		906A657A25E2E4FC0032E9E8 /* ViewController.swift */ = {isa = PBXFileReference; lastKnownFileType = sourcecode.swift; path = ViewController.swift; sourceTree = "<group>"; };
		906A657D25E2E4FC0032E9E8 /* Base */ = {isa = PBXFileReference; lastKnownFileType = file.storyboard; name = Base; path = Base.lproj/Main.storyboard; sourceTree = "<group>"; };
		906A657F25E2E5010032E9E8 /* Assets.xcassets */ = {isa = PBXFileReference; lastKnownFileType = folder.assetcatalog; path = Assets.xcassets; sourceTree = "<group>"; };
		906A658225E2E5010032E9E8 /* Base */ = {isa = PBXFileReference; lastKnownFileType = file.storyboard; name = Base; path = Base.lproj/LaunchScreen.storyboard; sourceTree = "<group>"; };
		906A658425E2E5010032E9E8 /* Info.plist */ = {isa = PBXFileReference; lastKnownFileType = text.plist.xml; path = Info.plist; sourceTree = "<group>"; };
/* End PBXFileReference section */

/* Begin PBXFrameworksBuildPhase section */
		906A657025E2E4FC0032E9E8 /* Frameworks */ = {
			isa = PBXFrameworksBuildPhase;
			buildActionMask = 2147483647;
			files = (
			);
			runOnlyForDeploymentPostprocessing = 0;
		};
/* End PBXFrameworksBuildPhase section */

/* Begin PBXGroup section */
		906A656A25E2E4FC0032E9E8 = {
			isa = PBXGroup;
			children = (
				906A657525E2E4FC0032E9E8 /* UIViewAnimations */,
				906A657425E2E4FC0032E9E8 /* Products */,
			);
			sourceTree = "<group>";
		};
		906A657425E2E4FC0032E9E8 /* Products */ = {
			isa = PBXGroup;
			children = (
				906A657325E2E4FC0032E9E8 /* UIViewAnimations.app */,
			);
			name = Products;
			sourceTree = "<group>";
		};
		906A657525E2E4FC0032E9E8 /* UIViewAnimations */ = {
			isa = PBXGroup;
			children = (
				906A657625E2E4FC0032E9E8 /* AppDelegate.swift */,
				906A657825E2E4FC0032E9E8 /* SceneDelegate.swift */,
				906A657A25E2E4FC0032E9E8 /* ViewController.swift */,
				906A657C25E2E4FC0032E9E8 /* Main.storyboard */,
				906A657F25E2E5010032E9E8 /* Assets.xcassets */,
				906A658125E2E5010032E9E8 /* LaunchScreen.storyboard */,
				906A658425E2E5010032E9E8 /* Info.plist */,
			);
			path = UIViewAnimations;
			sourceTree = "<group>";
		};
/* End PBXGroup section */

/* Begin PBXNativeTarget section */
		906A657225E2E4FC0032E9E8 /* UIViewAnimations */ = {
			isa = PBXNativeTarget;
			buildConfigurationList = 906A658725E2E5010032E9E8 /* Build configuration list for PBXNativeTarget "UIViewAnimations" */;
			buildPhases = (
				906A656F25E2E4FC0032E9E8 /* Sources */,
				906A657025E2E4FC0032E9E8 /* Frameworks */,
				906A657125E2E4FC0032E9E8 /* Resources */,
			);
			buildRules = (
			);
			dependencies = (
			);
			name = UIViewAnimations;
			productName = UIViewAnimations;
			productReference = 906A657325E2E4FC0032E9E8 /* UIViewAnimations.app */;
			productType = "com.apple.product-type.application";
		};
/* End PBXNativeTarget section */

/* Begin PBXProject section */
		906A656B25E2E4FC0032E9E8 /* Project object */ = {
			isa = PBXProject;
			attributes = {
				LastSwiftUpdateCheck = 1240;
				LastUpgradeCheck = 1240;
				TargetAttributes = {
					906A657225E2E4FC0032E9E8 = {
						CreatedOnToolsVersion = 12.4;
					};
				};
			};
			buildConfigurationList = 906A656E25E2E4FC0032E9E8 /* Build configuration list for PBXProject "UIViewAnimations" */;
			compatibilityVersion = "Xcode 9.3";
			developmentRegion = en;
			hasScannedForEncodings = 0;
			knownRegions = (
				en,
				Base,
			);
			mainGroup = 906A656A25E2E4FC0032E9E8;
			productRefGroup = 906A657425E2E4FC0032E9E8 /* Products */;
			projectDirPath = "";
			projectRoot = "";
			targets = (
				906A657225E2E4FC0032E9E8 /* UIViewAnimations */,
			);
		};
/* End PBXProject section */

/* Begin PBXResourcesBuildPhase section */
		906A657125E2E4FC0032E9E8 /* Resources */ = {
			isa = PBXResourcesBuildPhase;
			buildActionMask = 2147483647;
			files = (
				906A658325E2E5010032E9E8 /* LaunchScreen.storyboard in Resources */,
				906A658025E2E5010032E9E8 /* Assets.xcassets in Resources */,
				906A657E25E2E4FC0032E9E8 /* Main.storyboard in Resources */,
			);
			runOnlyForDeploymentPostprocessing = 0;
		};
/* End PBXResourcesBuildPhase section */

/* Begin PBXSourcesBuildPhase section */
		906A656F25E2E4FC0032E9E8 /* Sources */ = {
			isa = PBXSourcesBuildPhase;
			buildActionMask = 2147483647;
			files = (
				906A657B25E2E4FC0032E9E8 /* ViewController.swift in Sources */,
				906A657725E2E4FC0032E9E8 /* AppDelegate.swift in Sources */,
				906A657925E2E4FC0032E9E8 /* SceneDelegate.swift in Sources */,
			);
			runOnlyForDeploymentPostprocessing = 0;
		};
/* End PBXSourcesBuildPhase section */

/* Begin PBXVariantGroup section */
		906A657C25E2E4FC0032E9E8 /* Main.storyboard */ = {
			isa = PBXVariantGroup;
			children = (
				906A657D25E2E4FC0032E9E8 /* Base */,
			);
			name = Main.storyboard;
			sourceTree = "<group>";
		};
		906A658125E2E5010032E9E8 /* LaunchScreen.storyboard */ = {
			isa = PBXVariantGroup;
			children = (
				906A658225E2E5010032E9E8 /* Base */,
			);
			name = LaunchScreen.storyboard;
			sourceTree = "<group>";
		};
/* End PBXVariantGroup section */

/* Begin XCBuildConfiguration section */
		906A658525E2E5010032E9E8 /* Debug */ = {
			isa = XCBuildConfiguration;
			buildSettings = {
				ALWAYS_SEARCH_USER_PATHS = NO;
				CLANG_ANALYZER_NONNULL = YES;
				CLANG_ANALYZER_NUMBER_OBJECT_CONVERSION = YES_AGGRESSIVE;
				CLANG_CXX_LANGUAGE_STANDARD = "gnu++14";
				CLANG_CXX_LIBRARY = "libc++";
				CLANG_ENABLE_MODULES = YES;
				CLANG_ENABLE_OBJC_ARC = YES;
				CLANG_ENABLE_OBJC_WEAK = YES;
				CLANG_WARN_BLOCK_CAPTURE_AUTORELEASING = YES;
				CLANG_WARN_BOOL_CONVERSION = YES;
				CLANG_WARN_COMMA = YES;
				CLANG_WARN_CONSTANT_CONVERSION = YES;
				CLANG_WARN_DEPRECATED_OBJC_IMPLEMENTATIONS = YES;
				CLANG_WARN_DIRECT_OBJC_ISA_USAGE = YES_ERROR;
				CLANG_WARN_DOCUMENTATION_COMMENTS = YES;
				CLANG_WARN_EMPTY_BODY = YES;
				CLANG_WARN_ENUM_CONVERSION = YES;
				CLANG_WARN_INFINITE_RECURSION = YES;
				CLANG_WARN_INT_CONVERSION = YES;
				CLANG_WARN_NON_LITERAL_NULL_CONVERSION = YES;
				CLANG_WARN_OBJC_IMPLICIT_RETAIN_SELF = YES;
				CLANG_WARN_OBJC_LITERAL_CONVERSION = YES;
				CLANG_WARN_OBJC_ROOT_CLASS = YES_ERROR;
				CLANG_WARN_QUOTED_INCLUDE_IN_FRAMEWORK_HEADER = YES;
				CLANG_WARN_RANGE_LOOP_ANALYSIS = YES;
				CLANG_WARN_STRICT_PROTOTYPES = YES;
				CLANG_WARN_SUSPICIOUS_MOVE = YES;
				CLANG_WARN_UNGUARDED_AVAILABILITY = YES_AGGRESSIVE;
				CLANG_WARN_UNREACHABLE_CODE = YES;
				CLANG_WARN__DUPLICATE_METHOD_MATCH = YES;
				COPY_PHASE_STRIP = NO;
				DEBUG_INFORMATION_FORMAT = dwarf;
				ENABLE_STRICT_OBJC_MSGSEND = YES;
				ENABLE_TESTABILITY = YES;
				GCC_C_LANGUAGE_STANDARD = gnu11;
				GCC_DYNAMIC_NO_PIC = NO;
				GCC_NO_COMMON_BLOCKS = YES;
				GCC_OPTIMIZATION_LEVEL = 0;
				GCC_PREPROCESSOR_DEFINITIONS = (
					"DEBUG=1",
					"$(inherited)",
				);
				GCC_WARN_64_TO_32_BIT_CONVERSION = YES;
				GCC_WARN_ABOUT_RETURN_TYPE = YES_ERROR;
				GCC_WARN_UNDECLARED_SELECTOR = YES;
				GCC_WARN_UNINITIALIZED_AUTOS = YES_AGGRESSIVE;
				GCC_WARN_UNUSED_FUNCTION = YES;
				GCC_WARN_UNUSED_VARIABLE = YES;
				IPHONEOS_DEPLOYMENT_TARGET = 14.4;
				MTL_ENABLE_DEBUG_INFO = INCLUDE_SOURCE;
				MTL_FAST_MATH = YES;
				ONLY_ACTIVE_ARCH = YES;
				SDKROOT = iphoneos;
				SWIFT_ACTIVE_COMPILATION_CONDITIONS = DEBUG;
				SWIFT_OPTIMIZATION_LEVEL = "-Onone";
			};
			name = Debug;
		};
		906A658625E2E5010032E9E8 /* Release */ = {
			isa = XCBuildConfiguration;
			buildSettings = {
				ALWAYS_SEARCH_USER_PATHS = NO;
				CLANG_ANALYZER_NONNULL = YES;
				CLANG_ANALYZER_NUMBER_OBJECT_CONVERSION = YES_AGGRESSIVE;
				CLANG_CXX_LANGUAGE_STANDARD = "gnu++14";
				CLANG_CXX_LIBRARY = "libc++";
				CLANG_ENABLE_MODULES = YES;
				CLANG_ENABLE_OBJC_ARC = YES;
				CLANG_ENABLE_OBJC_WEAK = YES;
				CLANG_WARN_BLOCK_CAPTURE_AUTORELEASING = YES;
				CLANG_WARN_BOOL_CONVERSION = YES;
				CLANG_WARN_COMMA = YES;
				CLANG_WARN_CONSTANT_CONVERSION = YES;
				CLANG_WARN_DEPRECATED_OBJC_IMPLEMENTATIONS = YES;
				CLANG_WARN_DIRECT_OBJC_ISA_USAGE = YES_ERROR;
				CLANG_WARN_DOCUMENTATION_COMMENTS = YES;
				CLANG_WARN_EMPTY_BODY = YES;
				CLANG_WARN_ENUM_CONVERSION = YES;
				CLANG_WARN_INFINITE_RECURSION = YES;
				CLANG_WARN_INT_CONVERSION = YES;
				CLANG_WARN_NON_LITERAL_NULL_CONVERSION = YES;
				CLANG_WARN_OBJC_IMPLICIT_RETAIN_SELF = YES;
				CLANG_WARN_OBJC_LITERAL_CONVERSION = YES;
				CLANG_WARN_OBJC_ROOT_CLASS = YES_ERROR;
				CLANG_WARN_QUOTED_INCLUDE_IN_FRAMEWORK_HEADER = YES;
				CLANG_WARN_RANGE_LOOP_ANALYSIS = YES;
				CLANG_WARN_STRICT_PROTOTYPES = YES;
				CLANG_WARN_SUSPICIOUS_MOVE = YES;
				CLANG_WARN_UNGUARDED_AVAILABILITY = YES_AGGRESSIVE;
				CLANG_WARN_UNREACHABLE_CODE = YES;
				CLANG_WARN__DUPLICATE_METHOD_MATCH = YES;
				COPY_PHASE_STRIP = NO;
				DEBUG_INFORMATION_FORMAT = "dwarf-with-dsym";
				ENABLE_NS_ASSERTIONS = NO;
				ENABLE_STRICT_OBJC_MSGSEND = YES;
				GCC_C_LANGUAGE_STANDARD = gnu11;
				GCC_NO_COMMON_BLOCKS = YES;
				GCC_WARN_64_TO_32_BIT_CONVERSION = YES;
				GCC_WARN_ABOUT_RETURN_TYPE = YES_ERROR;
				GCC_WARN_UNDECLARED_SELECTOR = YES;
				GCC_WARN_UNINITIALIZED_AUTOS = YES_AGGRESSIVE;
				GCC_WARN_UNUSED_FUNCTION = YES;
				GCC_WARN_UNUSED_VARIABLE = YES;
				IPHONEOS_DEPLOYMENT_TARGET = 14.4;
				MTL_ENABLE_DEBUG_INFO = NO;
				MTL_FAST_MATH = YES;
				SDKROOT = iphoneos;
				SWIFT_COMPILATION_MODE = wholemodule;
				SWIFT_OPTIMIZATION_LEVEL = "-O";
				VALIDATE_PRODUCT = YES;
			};
			name = Release;
		};
		906A658825E2E5010032E9E8 /* Debug */ = {
			isa = XCBuildConfiguration;
			buildSettings = {
				ASSETCATALOG_COMPILER_APPICON_NAME = AppIcon;
				ASSETCATALOG_COMPILER_GLOBAL_ACCENT_COLOR_NAME = AccentColor;
				CODE_SIGN_STYLE = Automatic;
				DEVELOPMENT_TEAM = 3R3Y9JHTK6;
				INFOPLIST_FILE = UIViewAnimations/Info.plist;
				LD_RUNPATH_SEARCH_PATHS = (
					"$(inherited)",
					"@executable_path/Frameworks",
				);
				PRODUCT_BUNDLE_IDENTIFIER = com.carroll.UIViewAnimations;
				PRODUCT_NAME = "$(TARGET_NAME)";
				SWIFT_VERSION = 5.0;
				TARGETED_DEVICE_FAMILY = "1,2";
			};
			name = Debug;
		};
		906A658925E2E5010032E9E8 /* Release */ = {
			isa = XCBuildConfiguration;
			buildSettings = {
				ASSETCATALOG_COMPILER_APPICON_NAME = AppIcon;
				ASSETCATALOG_COMPILER_GLOBAL_ACCENT_COLOR_NAME = AccentColor;
				CODE_SIGN_STYLE = Automatic;
				DEVELOPMENT_TEAM = 3R3Y9JHTK6;
				INFOPLIST_FILE = UIViewAnimations/Info.plist;
				LD_RUNPATH_SEARCH_PATHS = (
					"$(inherited)",
					"@executable_path/Frameworks",
				);
				PRODUCT_BUNDLE_IDENTIFIER = com.carroll.UIViewAnimations;
				PRODUCT_NAME = "$(TARGET_NAME)";
				SWIFT_VERSION = 5.0;
				TARGETED_DEVICE_FAMILY = "1,2";
			};
			name = Release;
		};
/* End XCBuildConfiguration section */

/* Begin XCConfigurationList section */
		906A656E25E2E4FC0032E9E8 /* Build configuration list for PBXProject "UIViewAnimations" */ = {
			isa = XCConfigurationList;
			buildConfigurations = (
				906A658525E2E5010032E9E8 /* Debug */,
				906A658625E2E5010032E9E8 /* Release */,
			);
			defaultConfigurationIsVisible = 0;
			defaultConfigurationName = Release;
		};
		906A658725E2E5010032E9E8 /* Build configuration list for PBXNativeTarget "UIViewAnimations" */ = {
			isa = XCConfigurationList;
			buildConfigurations = (
				906A658825E2E5010032E9E8 /* Debug */,
				906A658925E2E5010032E9E8 /* Release */,
			);
			defaultConfigurationIsVisible = 0;
			defaultConfigurationName = Release;
		};
/* End XCConfigurationList section */
	};
	rootObject = 906A656B25E2E4FC0032E9E8 /* Project object */;
}
